
Microsoft Visual Studio Solution File, Format Version 12.00
Project("{2150E333-8FDC-42A3-9474-1A3956D46DE8}") = "Src", "Src", "{89C9148A-E09B-4A08-85F7-9B5FE4A925C2}"
EndProject
Project("{FAE04EC0-301F-11D3-BF4B-00C04F79EFBC}") = "Contract", "Contract\Contract.csproj", "{4EA42D69-D825-4074-846B-C586AEF9EF2F}"
EndProject
Project("{2150E333-8FDC-42A3-9474-1A3956D46DE8}") = "Item", "Item", "{0EA9FE64-ECE6-4F3D-8B4A-DF76983F82C2}"
EndProject
Project("{FAE04EC0-301F-11D3-BF4B-00C04F79EFBC}") = "Domain", "Domain\Domain.csproj", "{87341716-415F-4521-ADED-1FC0161A2F29}"
EndProject
Project("{FAE04EC0-301F-11D3-BF4B-00C04F79EFBC}") = "Infrastructure", "Infrastructure\Infrastructure.csproj", "{5AA2423E-0FEF-4F7D-B654-A45FF7CB22CD}"
EndProject
Project("{FAE04EC0-301F-11D3-BF4B-00C04F79EFBC}") = "Application", "Application\Application.csproj", "{104BF9D6-6AEB-419C-9CF1-B87C9F78ED26}"
EndProject
Project("{FAE04EC0-301F-11D3-BF4B-00C04F79EFBC}") = "Api", "Api\Api.csproj", "{946BFA33-2F20-46B5-9F22-3FC54B877030}"
EndProject
Global
	GlobalSection(SolutionConfigurationPlatforms) = preSolution
		Debug|Any CPU = Debug|Any CPU
		Release|Any CPU = Release|Any CPU
	EndGlobalSection
	GlobalSection(NestedProjects) = preSolution
		{4EA42D69-D825-4074-846B-C586AEF9EF2F} = {89C9148A-E09B-4A08-85F7-9B5FE4A925C2}
		{0EA9FE64-ECE6-4F3D-8B4A-DF76983F82C2} = {89C9148A-E09B-4A08-85F7-9B5FE4A925C2}
		{87341716-415F-4521-ADED-1FC0161A2F29} = {0EA9FE64-ECE6-4F3D-8B4A-DF76983F82C2}
		{5AA2423E-0FEF-4F7D-B654-A45FF7CB22CD} = {0EA9FE64-ECE6-4F3D-8B4A-DF76983F82C2}
		{104BF9D6-6AEB-419C-9CF1-B87C9F78ED26} = {0EA9FE64-ECE6-4F3D-8B4A-DF76983F82C2}
		{946BFA33-2F20-46B5-9F22-3FC54B877030} = {0EA9FE64-ECE6-4F3D-8B4A-DF76983F82C2}
	EndGlobalSection
	GlobalSection(ProjectConfigurationPlatforms) = postSolution
		{4EA42D69-D825-4074-846B-C586AEF9EF2F}.Debug|Any CPU.ActiveCfg = Debug|Any CPU
		{4EA42D69-D825-4074-846B-C586AEF9EF2F}.Debug|Any CPU.Build.0 = Debug|Any CPU
		{4EA42D69-D825-4074-846B-C586AEF9EF2F}.Release|Any CPU.ActiveCfg = Release|Any CPU
		{4EA42D69-D825-4074-846B-C586AEF9EF2F}.Release|Any CPU.Build.0 = Release|Any CPU
		{87341716-415F-4521-ADED-1FC0161A2F29}.Debug|Any CPU.ActiveCfg = Debug|Any CPU
		{87341716-415F-4521-ADED-1FC0161A2F29}.Debug|Any CPU.Build.0 = Debug|Any CPU
		{87341716-415F-4521-ADED-1FC0161A2F29}.Release|Any CPU.ActiveCfg = Release|Any CPU
		{87341716-415F-4521-ADED-1FC0161A2F29}.Release|Any CPU.Build.0 = Release|Any CPU
		{5AA2423E-0FEF-4F7D-B654-A45FF7CB22CD}.Debug|Any CPU.ActiveCfg = Debug|Any CPU
		{5AA2423E-0FEF-4F7D-B654-A45FF7CB22CD}.Debug|Any CPU.Build.0 = Debug|Any CPU
		{5AA2423E-0FEF-4F7D-B654-A45FF7CB22CD}.Release|Any CPU.ActiveCfg = Release|Any CPU
		{5AA2423E-0FEF-4F7D-B654-A45FF7CB22CD}.Release|Any CPU.Build.0 = Release|Any CPU
		{104BF9D6-6AEB-419C-9CF1-B87C9F78ED26}.Debug|Any CPU.ActiveCfg = Debug|Any CPU
		{104BF9D6-6AEB-419C-9CF1-B87C9F78ED26}.Debug|Any CPU.Build.0 = Debug|Any CPU
		{104BF9D6-6AEB-419C-9CF1-B87C9F78ED26}.Release|Any CPU.ActiveCfg = Release|Any CPU
		{104BF9D6-6AEB-419C-9CF1-B87C9F78ED26}.Release|Any CPU.Build.0 = Release|Any CPU
		{946BFA33-2F20-46B5-9F22-3FC54B877030}.Debug|Any CPU.ActiveCfg = Debug|Any CPU
		{946BFA33-2F20-46B5-9F22-3FC54B877030}.Debug|Any CPU.Build.0 = Debug|Any CPU
		{946BFA33-2F20-46B5-9F22-3FC54B877030}.Release|Any CPU.ActiveCfg = Release|Any CPU
		{946BFA33-2F20-46B5-9F22-3FC54B877030}.Release|Any CPU.Build.0 = Release|Any CPU
	EndGlobalSection
EndGlobal
